
Microsoft Visual Studio Solution File, Format Version 12.00
# Visual Studio 14
VisualStudioVersion = 14.0.25420.1
MinimumVisualStudioVersion = 10.0.40219.1
Project("{2150E333-8FDC-42A3-9474-1A3956D46DE8}") = "src", "src", "{1A944810-A062-4351-A4DF-E4163F5D8880}"
EndProject
Project("{2150E333-8FDC-42A3-9474-1A3956D46DE8}") = "Solution Items", "Solution Items", "{331DD7CF-39F0-4B48-99AD-1E9CAF00EFA7}"
	ProjectSection(SolutionItems) = preProject
		global.json = global.json
	EndProjectSection
EndProject
Project("{8BB2217D-0F2D-49D1-97BC-3654ED321F3B}") = "RoleClaims", "src\RoleClaims\RoleClaims.xproj", "{BB40E32C-5B06-4104-9048-79B6481DBDCF}"
EndProject
Global
	GlobalSection(SolutionConfigurationPlatforms) = preSolution
		Debug|Any CPU = Debug|Any CPU
		Release|Any CPU = Release|Any CPU
	EndGlobalSection
	GlobalSection(ProjectConfigurationPlatforms) = postSolution
		{BB40E32C-5B06-4104-9048-79B6481DBDCF}.Debug|Any CPU.ActiveCfg = Debug|Any CPU
		{BB40E32C-5B06-4104-9048-79B6481DBDCF}.Debug|Any CPU.Build.0 = Debug|Any CPU
		{BB40E32C-5B06-4104-9048-79B6481DBDCF}.Release|Any CPU.ActiveCfg = Release|Any CPU
		{BB40E32C-5B06-4104-9048-79B6481DBDCF}.Release|Any CPU.Build.0 = Release|Any CPU
	EndGlobalSection
	GlobalSection(SolutionProperties) = preSolution
		HideSolutionNode = FALSE
	EndGlobalSection
	GlobalSection(NestedProjects) = preSolution
		{BB40E32C-5B06-4104-9048-79B6481DBDCF} = {1A944810-A062-4351-A4DF-E4163F5D8880}
	EndGlobalSection
EndGlobal
